{
  "name": "reactjs",
  "version": "1.0.0",
  "lockfileVersion": 1,
  "requires": true,
  "dependencies": {
    "export-to-csv": {
      "version": "0.2.1",
      "resolved": "https://registry.npmjs.org/export-to-csv/-/export-to-csv-0.2.1.tgz",
      "integrity": "sha512-KTbrd3CAZ0cFceJEZr1e5uiMasabeCpXq1/5uvVxDl53o4jXJHnltasQoj2NkzrxD8hU9kdwjnMhoir/7nNx/A=="
    },
    "faker": {
      "version": "6.6.6",
      "resolved": "https://registry.npmjs.org/faker/-/faker-6.6.6.tgz",
      "integrity": "sha512-9tCqYEDHI5RYFQigXFwF1hnCwcWCOJl/hmll0lr5D2Ljjb0o4wphb69wikeJDz5qCEzXCoPvG6ss5SDP6IfOdg=="
    },
    "fs": {
      "version": "0.0.1-security",
      "resolved": "https://registry.npmjs.org/fs/-/fs-0.0.1-security.tgz",
      "integrity": "sha512-3XY9e1pP0CVEUCdj5BmfIZxRBTSDycnbqhIOGec9QYtmVH2fbLpj86CFWkrNOkt/Fvty4KZG5lTglL9j/gJ87w=="
    }
  }
}
